
Microsoft Visual Studio Solution File, Format Version 12.00
# Visual Studio 2012
Project("{FAE04EC0-301F-11D3-BF4B-00C04F79EFBC}") = "AMZInventory", "AMZInventory\AMZInventory.csproj", "{B7C7CE4E-4D4C-46B6-B876-AB02BDF55635}"
EndProject
Global
	GlobalSection(SolutionConfigurationPlatforms) = preSolution
		Debug|x86 = Debug|x86
		Release|x86 = Release|x86
	EndGlobalSection
	GlobalSection(ProjectConfigurationPlatforms) = postSolution
		{B7C7CE4E-4D4C-46B6-B876-AB02BDF55635}.Debug|x86.ActiveCfg = Debug|x86
		{B7C7CE4E-4D4C-46B6-B876-AB02BDF55635}.Debug|x86.Build.0 = Debug|x86
		{B7C7CE4E-4D4C-46B6-B876-AB02BDF55635}.Release|x86.ActiveCfg = Release|x86
		{B7C7CE4E-4D4C-46B6-B876-AB02BDF55635}.Release|x86.Build.0 = Release|x86
	EndGlobalSection
EndGlobal
